Microsoft Visual Studio Solution File, Format Version 12.00
# Visual Studio Version 17
VisualStudioVersion = 17.5.2.0
MinimumVisualStudioVersion = 10.0.40219.1
Project("{FAE04EC0-301F-11D3-BF4B-00C04F79EFBC}") = "TeknoPortal", "TeknoPortal.csproj", "{981B31FB-D0ED-3097-5CB7-A59A5B103316}"
EndProject
Global
	GlobalSection(SolutionConfigurationPlatforms) = preSolution
		Debug|Any CPU = Debug|Any CPU
		Release|Any CPU = Release|Any CPU
	EndGlobalSection
	GlobalSection(ProjectConfigurationPlatforms) = postSolution
		{981B31FB-D0ED-3097-5CB7-A59A5B103316}.Debug|Any CPU.ActiveCfg = Debug|Any CPU
		{981B31FB-D0ED-3097-5CB7-A59A5B103316}.Debug|Any CPU.Build.0 = Debug|Any CPU
		{981B31FB-D0ED-3097-5CB7-A59A5B103316}.Release|Any CPU.ActiveCfg = Release|Any CPU
		{981B31FB-D0ED-3097-5CB7-A59A5B103316}.Release|Any CPU.Build.0 = Release|Any CPU
	EndGlobalSection
	GlobalSection(SolutionProperties) = preSolution
		HideSolutionNode = FALSE
	EndGlobalSection
	GlobalSection(ExtensibilityGlobals) = postSolution
		SolutionGuid = {BE52E964-8966-4428-84BC-C026EEB78881}
	EndGlobalSection
EndGlobal
